
Microsoft Visual Studio Solution File, Format Version 12.00
# Visual Studio Version 16
VisualStudioVersion = 16.0.31624.102
MinimumVisualStudioVersion = 10.0.40219.1
Project("{9A19103F-16F7-4668-BE54-9A1E7A4F7556}") = "Dryad", "Dryad\Dryad.csproj", "{F2893E7E-E460-4A16-B246-91A1846535ED}"
	ProjectSection(ProjectDependencies) = postProject
		{E15BEFE7-EE0C-44C1-9803-57345C2D3751} = {E15BEFE7-EE0C-44C1-9803-57345C2D3751}
	EndProjectSection
EndProject
Project("{2150E333-8FDC-42A3-9474-1A3956D46DE8}") = "C++", "C++", "{4D082685-1CBC-4BB5-A5ED-14BAFDE4BA67}"
EndProject
Project("{2150E333-8FDC-42A3-9474-1A3956D46DE8}") = "Cs", "Cs", "{649282A0-1FA6-457B-8403-0E54E7D31ABC}"
EndProject
Project("{8BC9CEB8-8B4A-11D0-8D11-00A0C91BC942}") = "DryadCore", "DryadCore\DryadCore.vcxproj", "{3D3C4D7D-A3F0-4BCC-BE29-8A4F55266A74}"
EndProject
Project("{8BC9CEB8-8B4A-11D0-8D11-00A0C91BC942}") = "DryadCoreTest", "DryadCoreTest\DryadCoreTest.vcxproj", "{FE77FA24-6E6D-40B6-8647-6A96268C5383}"
	ProjectSection(ProjectDependencies) = postProject
		{3D3C4D7D-A3F0-4BCC-BE29-8A4F55266A74} = {3D3C4D7D-A3F0-4BCC-BE29-8A4F55266A74}
	EndProjectSection
EndProject
Project("{8BC9CEB8-8B4A-11D0-8D11-00A0C91BC942}") = "DryadFacade", "DryadFacade\DryadFacade.vcxproj", "{E15BEFE7-EE0C-44C1-9803-57345C2D3751}"
	ProjectSection(ProjectDependencies) = postProject
		{FE77FA24-6E6D-40B6-8647-6A96268C5383} = {FE77FA24-6E6D-40B6-8647-6A96268C5383}
		{3D3C4D7D-A3F0-4BCC-BE29-8A4F55266A74} = {3D3C4D7D-A3F0-4BCC-BE29-8A4F55266A74}
	EndProjectSection
EndProject
Project("{9A19103F-16F7-4668-BE54-9A1E7A4F7556}") = "DryadTest", "DryadTest\DryadTest.csproj", "{6CF1B0A4-7616-4CCA-8E42-9A556461F779}"
EndProject
Global
	GlobalSection(SolutionConfigurationPlatforms) = preSolution
		Debug|x64 = Debug|x64
		Debug|x86 = Debug|x86
		Release|x64 = Release|x64
		Release|x86 = Release|x86
	EndGlobalSection
	GlobalSection(ProjectConfigurationPlatforms) = postSolution
		{F2893E7E-E460-4A16-B246-91A1846535ED}.Debug|x64.ActiveCfg = Debug|x64
		{F2893E7E-E460-4A16-B246-91A1846535ED}.Debug|x64.Build.0 = Debug|x64
		{F2893E7E-E460-4A16-B246-91A1846535ED}.Debug|x86.ActiveCfg = Debug|x64
		{F2893E7E-E460-4A16-B246-91A1846535ED}.Release|x64.ActiveCfg = Release|x64
		{F2893E7E-E460-4A16-B246-91A1846535ED}.Release|x64.Build.0 = Release|x64
		{F2893E7E-E460-4A16-B246-91A1846535ED}.Release|x86.ActiveCfg = Release|x64
		{3D3C4D7D-A3F0-4BCC-BE29-8A4F55266A74}.Debug|x64.ActiveCfg = Debug|x64
		{3D3C4D7D-A3F0-4BCC-BE29-8A4F55266A74}.Debug|x64.Build.0 = Debug|x64
		{3D3C4D7D-A3F0-4BCC-BE29-8A4F55266A74}.Debug|x86.ActiveCfg = Debug|Win32
		{3D3C4D7D-A3F0-4BCC-BE29-8A4F55266A74}.Debug|x86.Build.0 = Debug|Win32
		{3D3C4D7D-A3F0-4BCC-BE29-8A4F55266A74}.Release|x64.ActiveCfg = Release|x64
		{3D3C4D7D-A3F0-4BCC-BE29-8A4F55266A74}.Release|x64.Build.0 = Release|x64
		{3D3C4D7D-A3F0-4BCC-BE29-8A4F55266A74}.Release|x86.ActiveCfg = Release|Win32
		{3D3C4D7D-A3F0-4BCC-BE29-8A4F55266A74}.Release|x86.Build.0 = Release|Win32
		{FE77FA24-6E6D-40B6-8647-6A96268C5383}.Debug|x64.ActiveCfg = Debug|x64
		{FE77FA24-6E6D-40B6-8647-6A96268C5383}.Debug|x64.Build.0 = Debug|x64
		{FE77FA24-6E6D-40B6-8647-6A96268C5383}.Debug|x86.ActiveCfg = Debug|x64
		{FE77FA24-6E6D-40B6-8647-6A96268C5383}.Release|x64.ActiveCfg = Release|x64
		{FE77FA24-6E6D-40B6-8647-6A96268C5383}.Release|x64.Build.0 = Release|x64
		{FE77FA24-6E6D-40B6-8647-6A96268C5383}.Release|x86.ActiveCfg = Release|x64
		{E15BEFE7-EE0C-44C1-9803-57345C2D3751}.Debug|x64.ActiveCfg = Debug|x64
		{E15BEFE7-EE0C-44C1-9803-57345C2D3751}.Debug|x64.Build.0 = Debug|x64
		{E15BEFE7-EE0C-44C1-9803-57345C2D3751}.Debug|x86.ActiveCfg = Debug|x64
		{E15BEFE7-EE0C-44C1-9803-57345C2D3751}.Release|x64.ActiveCfg = Release|x64
		{E15BEFE7-EE0C-44C1-9803-57345C2D3751}.Release|x64.Build.0 = Release|x64
		{E15BEFE7-EE0C-44C1-9803-57345C2D3751}.Release|x86.ActiveCfg = Release|x64
		{6CF1B0A4-7616-4CCA-8E42-9A556461F779}.Debug|x64.ActiveCfg = Debug|x64
		{6CF1B0A4-7616-4CCA-8E42-9A556461F779}.Debug|x64.Build.0 = Debug|x64
		{6CF1B0A4-7616-4CCA-8E42-9A556461F779}.Debug|x86.ActiveCfg = Debug|x64
		{6CF1B0A4-7616-4CCA-8E42-9A556461F779}.Release|x64.ActiveCfg = Release|x64
		{6CF1B0A4-7616-4CCA-8E42-9A556461F779}.Release|x64.Build.0 = Release|x64
		{6CF1B0A4-7616-4CCA-8E42-9A556461F779}.Release|x86.ActiveCfg = Release|x64
	EndGlobalSection
	GlobalSection(SolutionProperties) = preSolution
		HideSolutionNode = FALSE
	EndGlobalSection
	GlobalSection(NestedProjects) = preSolution
		{F2893E7E-E460-4A16-B246-91A1846535ED} = {649282A0-1FA6-457B-8403-0E54E7D31ABC}
		{3D3C4D7D-A3F0-4BCC-BE29-8A4F55266A74} = {4D082685-1CBC-4BB5-A5ED-14BAFDE4BA67}
		{FE77FA24-6E6D-40B6-8647-6A96268C5383} = {4D082685-1CBC-4BB5-A5ED-14BAFDE4BA67}
		{E15BEFE7-EE0C-44C1-9803-57345C2D3751} = {4D082685-1CBC-4BB5-A5ED-14BAFDE4BA67}
		{6CF1B0A4-7616-4CCA-8E42-9A556461F779} = {649282A0-1FA6-457B-8403-0E54E7D31ABC}
	EndGlobalSection
	GlobalSection(ExtensibilityGlobals) = postSolution
		SolutionGuid = {C2C0CFD7-4D31-41AB-80F5-328D44F94681}
	EndGlobalSection
EndGlobal
