<?xml version="1.0" encoding="utf-8"?>
<Project ToolsVersion="4.0" xmlns="http://schemas.microsoft.com/developer/msbuild/2003">
  <ItemGroup>
    <ClInclude Include="include\dryad\types.h">
      <Filter>dryad</Filter>
    </ClInclude>
    <ClInclude Include="include\dryad\utils.h">
      <Filter>dryad</Filter>
    </ClInclude>
    <ClInclude Include="include\dryad\constants.h">
      <Filter>dryad</Filter>
    </ClInclude>
    <ClInclude Include="include\dryad\definitions.h">
      <Filter>dryad</Filter>
    </ClInclude>
    <ClInclude Include="include\dryad\descriptors.h">
      <Filter>dryad</Filter>
    </ClInclude>
    <ClInclude Include="include\dryad\result.h">
      <Filter>dryad</Filter>
    </ClInclude>
    <ClInclude Include="include\dryad\error.h">
      <Filter>dryad</Filter>
    </ClInclude>
    <ClInclude Include="include\dryad\crtphelper.h">
      <Filter>dryad</Filter>
    </ClInclude>
    <ClInclude Include="include\dryad\idprovider.h">
      <Filter>dryad</Filter>
    </ClInclude>
    <ClInclude Include="include\dryad\harmony\landscapegraph.h">
      <Filter>dryad\harmony</Filter>
    </ClInclude>
    <ClInclude Include="include\dryad\harmony\landscapenode.h">
      <Filter>dryad\harmony</Filter>
    </ClInclude>
    <ClInclude Include="include\dryad\harmony\motif.h">
      <Filter>dryad\harmony</Filter>
    </ClInclude>
    <ClInclude Include="include\dryad\harmony\scale.h">
      <Filter>dryad\harmony</Filter>
    </ClInclude>
    <ClInclude Include="include\dryad\harmony\harmonizer.h">
      <Filter>dryad\harmony</Filter>
    </ClInclude>
    <ClInclude Include="include\dryad\session.h">
      <Filter>dryad</Filter>
    </ClInclude>
    <ClInclude Include="include\dryad\midinote.h">
      <Filter>dryad</Filter>
    </ClInclude>
    <ClInclude Include="include\dryad\harmony\motifnote.h">
      <Filter>dryad\harmony</Filter>
    </ClInclude>
    <ClInclude Include="include\dryad\harmony\degree.h">
      <Filter>dryad\harmony</Filter>
    </ClInclude>
    <ClInclude Include="include\dryad\score\instant.h">
      <Filter>dryad\score</Filter>
    </ClInclude>
    <ClInclude Include="include\dryad\score\scorenote.h">
      <Filter>dryad\score</Filter>
    </ClInclude>
    <ClInclude Include="include\dryad\score\voice.h">
      <Filter>dryad\score</Filter>
    </ClInclude>
    <ClInclude Include="include\dryad\harmony\harmonycontext.h">
      <Filter>dryad\harmony</Filter>
    </ClInclude>
    <ClInclude Include="include\dryad\score\score.h">
      <Filter>dryad\score</Filter>
    </ClInclude>
    <ClInclude Include="include\dryad\harmony\note.h">
      <Filter>dryad\harmony</Filter>
    </ClInclude>
    <ClInclude Include="include\dryad\harmony\musicconstants.h">
      <Filter>dryad\harmony</Filter>
    </ClInclude>
    <ClInclude Include="include\dryad\configurations.h">
      <Filter>dryad</Filter>
    </ClInclude>
    <ClInclude Include="include\dryad\composer\composer.h">
      <Filter>dryad\composer</Filter>
    </ClInclude>
  </ItemGroup>
  <ItemGroup>
    <Filter Include="dryad">
      <UniqueIdentifier>{a3bd8d25-f3e2-4184-be90-8cd5cdfcf218}</UniqueIdentifier>
    </Filter>
    <Filter Include="dryad\score">
      <UniqueIdentifier>{c2b7d7a6-4849-4bd1-8e47-bf5601cf0ab2}</UniqueIdentifier>
    </Filter>
    <Filter Include="dryad\harmony">
      <UniqueIdentifier>{bafe32e0-7440-4500-b2ae-d750ef26b92b}</UniqueIdentifier>
    </Filter>
    <Filter Include="dryad\composer">
      <UniqueIdentifier>{b31ceb77-1fc5-4f89-b4b0-1faab0eaacb2}</UniqueIdentifier>
    </Filter>
  </ItemGroup>
  <ItemGroup>
    <ClCompile Include="include\dryad\blob.cpp" />
  </ItemGroup>
</Project>