<?xml version="1.0" encoding="utf-8"?>
<Project ToolsVersion="4.0" xmlns="http://schemas.microsoft.com/developer/msbuild/2003">
  <ItemGroup>
    <ClInclude Include="include\dryad\types.h">
      <Filter>dryad</Filter>
    </ClInclude>
    <ClInclude Include="include\dryad\utils.h">
      <Filter>dryad</Filter>
    </ClInclude>
    <ClInclude Include="include\dryad\constants.h">
      <Filter>dryad</Filter>
    </ClInclude>
    <ClInclude Include="include\dryad\definitions.h">
      <Filter>dryad</Filter>
    </ClInclude>
    <ClInclude Include="include\dryad\descriptors.h">
      <Filter>dryad</Filter>
    </ClInclude>
    <ClInclude Include="include\dryad\result.h">
      <Filter>dryad</Filter>
    </ClInclude>
    <ClInclude Include="include\dryad\error.h">
      <Filter>dryad</Filter>
    </ClInclude>
    <ClInclude Include="include\dryad\crtphelper.h">
      <Filter>dryad</Filter>
    </ClInclude>
    <ClInclude Include="include\dryad\score\measure.h">
      <Filter>dryad\score</Filter>
    </ClInclude>
    <ClInclude Include="include\dryad\score\note.h">
      <Filter>dryad\score</Filter>
    </ClInclude>
    <ClInclude Include="include\dryad\score\phrase.h">
      <Filter>dryad\score</Filter>
    </ClInclude>
    <ClInclude Include="include\dryad\score\position.h">
      <Filter>dryad\score</Filter>
    </ClInclude>
    <ClInclude Include="include\dryad\score\score.h">
      <Filter>dryad\score</Filter>
    </ClInclude>
    <ClInclude Include="include\dryad\idprovider.h">
      <Filter>dryad</Filter>
    </ClInclude>
    <ClInclude Include="include\dryad\score\traits\scoretraits.h">
      <Filter>dryad\score\traits</Filter>
    </ClInclude>
    <ClInclude Include="include\dryad\score\traits\traitscorehierarchy.h">
      <Filter>dryad\score\traits</Filter>
    </ClInclude>
    <ClInclude Include="include\dryad\score\traits\traitscorewritable.h">
      <Filter>dryad\score\traits</Filter>
    </ClInclude>
    <ClInclude Include="include\dryad\harmony\harmonygraph.h">
      <Filter>dryad\harmony</Filter>
    </ClInclude>
    <ClInclude Include="include\dryad\harmony\harmonynode.h">
      <Filter>dryad\harmony</Filter>
    </ClInclude>
    <ClInclude Include="include\dryad\harmony\motif.h">
      <Filter>dryad\harmony</Filter>
    </ClInclude>
    <ClInclude Include="include\dryad\harmony\scale.h">
      <Filter>dryad\harmony</Filter>
    </ClInclude>
    <ClInclude Include="include\dryad\harmony\harmonizer.h">
      <Filter>dryad\harmony</Filter>
    </ClInclude>
    <ClInclude Include="include\dryad\score\traits\traitsutils.h">
      <Filter>dryad\score\traits</Filter>
    </ClInclude>
    <ClInclude Include="include\dryad\session.h">
      <Filter>dryad</Filter>
    </ClInclude>
    <ClInclude Include="include\dryad\composer\motifwriter.h">
      <Filter>dryad\composer</Filter>
    </ClInclude>
    <ClInclude Include="include\dryad\composer\progressionwriter.h">
      <Filter>dryad\composer</Filter>
    </ClInclude>
    <ClInclude Include="include\dryad\composer\composer.h">
      <Filter>dryad\composer</Filter>
    </ClInclude>
  </ItemGroup>
  <ItemGroup>
    <Filter Include="dryad">
      <UniqueIdentifier>{a3bd8d25-f3e2-4184-be90-8cd5cdfcf218}</UniqueIdentifier>
    </Filter>
    <Filter Include="dryad\score">
      <UniqueIdentifier>{c2b7d7a6-4849-4bd1-8e47-bf5601cf0ab2}</UniqueIdentifier>
    </Filter>
    <Filter Include="dryad\score\traits">
      <UniqueIdentifier>{f423fdf6-d2f4-452e-b93d-668ec372100b}</UniqueIdentifier>
    </Filter>
    <Filter Include="dryad\harmony">
      <UniqueIdentifier>{bafe32e0-7440-4500-b2ae-d750ef26b92b}</UniqueIdentifier>
    </Filter>
    <Filter Include="dryad\composer">
      <UniqueIdentifier>{61cf8a0c-5d15-4c6f-8bcc-6fe635a6104e}</UniqueIdentifier>
    </Filter>
  </ItemGroup>
  <ItemGroup>
    <ClCompile Include="include\dryad\utils.cpp">
      <Filter>dryad</Filter>
    </ClCompile>
  </ItemGroup>
</Project>